// !$*UTF8*$!
{
	archiveVersion = 1;
	classes = {
	};
	objectVersion = 46;
	objects = {

/* Begin PBXBuildFile section */
		EAB8002F1B313E9600B65DE4 /* AppDelegate.swift in Sources */ = {isa = PBXBuildFile; fileRef = EAB8002E1B313E9600B65DE4 /* AppDelegate.swift */; };
		EAB800311B313E9600B65DE4 /* ViewController.swift in Sources */ = {isa = PBXBuildFile; fileRef = EAB800301B313E9600B65DE4 /* ViewController.swift */; };
		EAB800341B313E9600B65DE4 /* Main.storyboard in Resources */ = {isa = PBXBuildFile; fileRef = EAB800321B313E9600B65DE4 /* Main.storyboard */; };
		EAB800361B313E9600B65DE4 /* Images.xcassets in Resources */ = {isa = PBXBuildFile; fileRef = EAB800351B313E9600B65DE4 /* Images.xcassets */; };
		EAB800391B313E9600B65DE4 /* LaunchScreen.xib in Resources */ = {isa = PBXBuildFile; fileRef = EAB800371B313E9600B65DE4 /* LaunchScreen.xib */; };
		EAB800451B313E9600B65DE4 /* front_desk_appTests.swift in Sources */ = {isa = PBXBuildFile; fileRef = EAB800441B313E9600B65DE4 /* front_desk_appTests.swift */; };
/* End PBXBuildFile section */

/* Begin PBXContainerItemProxy section */
		EAB8003F1B313E9600B65DE4 /* PBXContainerItemProxy */ = {
			isa = PBXContainerItemProxy;
			containerPortal = EAB800211B313E9600B65DE4 /* Project object */;
			proxyType = 1;
			remoteGlobalIDString = EAB800281B313E9600B65DE4;
			remoteInfo = "front-desk-app";
		};
/* End PBXContainerItemProxy section */

/* Begin PBXFileReference section */
		EAB800291B313E9600B65DE4 /* front-desk-app.app */ = {isa = PBXFileReference; explicitFileType = wrapper.application; includeInIndex = 0; path = "front-desk-app.app"; sourceTree = BUILT_PRODUCTS_DIR; };
		EAB8002D1B313E9600B65DE4 /* Info.plist */ = {isa = PBXFileReference; lastKnownFileType = text.plist.xml; path = Info.plist; sourceTree = "<group>"; };
		EAB8002E1B313E9600B65DE4 /* AppDelegate.swift */ = {isa = PBXFileReference; lastKnownFileType = sourcecode.swift; path = AppDelegate.swift; sourceTree = "<group>"; };
		EAB800301B313E9600B65DE4 /* ViewController.swift */ = {isa = PBXFileReference; lastKnownFileType = sourcecode.swift; path = ViewController.swift; sourceTree = "<group>"; };
		EAB800331B313E9600B65DE4 /* Base */ = {isa = PBXFileReference; lastKnownFileType = file.storyboard; name = Base; path = Base.lproj/Main.storyboard; sourceTree = "<group>"; };
		EAB800351B313E9600B65DE4 /* Images.xcassets */ = {isa = PBXFileReference; lastKnownFileType = folder.assetcatalog; path = Images.xcassets; sourceTree = "<group>"; };
		EAB800381B313E9600B65DE4 /* Base */ = {isa = PBXFileReference; lastKnownFileType = file.xib; name = Base; path = Base.lproj/LaunchScreen.xib; sourceTree = "<group>"; };
		EAB8003E1B313E9600B65DE4 /* front-desk-appTests.xctest */ = {isa = PBXFileReference; explicitFileType = wrapper.cfbundle; includeInIndex = 0; path = "front-desk-appTests.xctest"; sourceTree = BUILT_PRODUCTS_DIR; };
		EAB800431B313E9600B65DE4 /* Info.plist */ = {isa = PBXFileReference; lastKnownFileType = text.plist.xml; path = Info.plist; sourceTree = "<group>"; };
		EAB800441B313E9600B65DE4 /* front_desk_appTests.swift */ = {isa = PBXFileReference; lastKnownFileType = sourcecode.swift; path = front_desk_appTests.swift; sourceTree = "<group>"; };
/* End PBXFileReference section */

/* Begin PBXFrameworksBuildPhase section */
		EAB800261B313E9600B65DE4 /* Frameworks */ = {
			isa = PBXFrameworksBuildPhase;
			buildActionMask = 2147483647;
			files = (
			);
			runOnlyForDeploymentPostprocessing = 0;
		};
		EAB8003B1B313E9600B65DE4 /* Frameworks */ = {
			isa = PBXFrameworksBuildPhase;
			buildActionMask = 2147483647;
			files = (
			);
			runOnlyForDeploymentPostprocessing = 0;
		};
/* End PBXFrameworksBuildPhase section */

/* Begin PBXGroup section */
		EAB800201B313E9600B65DE4 = {
			isa = PBXGroup;
			children = (
				EAB8002B1B313E9600B65DE4 /* front-desk-app */,
				EAB800411B313E9600B65DE4 /* front-desk-appTests */,
				EAB8002A1B313E9600B65DE4 /* Products */,
			);
			sourceTree = "<group>";
		};
		EAB8002A1B313E9600B65DE4 /* Products */ = {
			isa = PBXGroup;
			children = (
				EAB800291B313E9600B65DE4 /* front-desk-app.app */,
				EAB8003E1B313E9600B65DE4 /* front-desk-appTests.xctest */,
			);
			name = Products;
			sourceTree = "<group>";
		};
		EAB8002B1B313E9600B65DE4 /* front-desk-app */ = {
			isa = PBXGroup;
			children = (
				EAB8002E1B313E9600B65DE4 /* AppDelegate.swift */,
				EAB800301B313E9600B65DE4 /* ViewController.swift */,
				EAB800321B313E9600B65DE4 /* Main.storyboard */,
				EAB800351B313E9600B65DE4 /* Images.xcassets */,
				EAB800371B313E9600B65DE4 /* LaunchScreen.xib */,
				EAB8002C1B313E9600B65DE4 /* Supporting Files */,
			);
			path = "front-desk-app";
			sourceTree = "<group>";
		};
		EAB8002C1B313E9600B65DE4 /* Supporting Files */ = {
			isa = PBXGroup;
			children = (
				EAB8002D1B313E9600B65DE4 /* Info.plist */,
			);
			name = "Supporting Files";
			sourceTree = "<group>";
		};
		EAB800411B313E9600B65DE4 /* front-desk-appTests */ = {
			isa = PBXGroup;
			children = (
				EAB800441B313E9600B65DE4 /* front_desk_appTests.swift */,
				EAB800421B313E9600B65DE4 /* Supporting Files */,
			);
			path = "front-desk-appTests";
			sourceTree = "<group>";
		};
		EAB800421B313E9600B65DE4 /* Supporting Files */ = {
			isa = PBXGroup;
			children = (
				EAB800431B313E9600B65DE4 /* Info.plist */,
			);
			name = "Supporting Files";
			sourceTree = "<group>";
		};
/* End PBXGroup section */

/* Begin PBXNativeTarget section */
		EAB800281B313E9600B65DE4 /* front-desk-app */ = {
			isa = PBXNativeTarget;
			buildConfigurationList = EAB800481B313E9600B65DE4 /* Build configuration list for PBXNativeTarget "front-desk-app" */;
			buildPhases = (
				EAB800251B313E9600B65DE4 /* Sources */,
				EAB800261B313E9600B65DE4 /* Frameworks */,
				EAB800271B313E9600B65DE4 /* Resources */,
			);
			buildRules = (
			);
			dependencies = (
			);
			name = "front-desk-app";
			productName = "front-desk-app";
			productReference = EAB800291B313E9600B65DE4 /* front-desk-app.app */;
			productType = "com.apple.product-type.application";
		};
		EAB8003D1B313E9600B65DE4 /* front-desk-appTests */ = {
			isa = PBXNativeTarget;
			buildConfigurationList = EAB8004B1B313E9600B65DE4 /* Build configuration list for PBXNativeTarget "front-desk-appTests" */;
			buildPhases = (
				EAB8003A1B313E9600B65DE4 /* Sources */,
				EAB8003B1B313E9600B65DE4 /* Frameworks */,
				EAB8003C1B313E9600B65DE4 /* Resources */,
			);
			buildRules = (
			);
			dependencies = (
				EAB800401B313E9600B65DE4 /* PBXTargetDependency */,
			);
			name = "front-desk-appTests";
			productName = "front-desk-appTests";
			productReference = EAB8003E1B313E9600B65DE4 /* front-desk-appTests.xctest */;
			productType = "com.apple.product-type.bundle.unit-test";
		};
/* End PBXNativeTarget section */

/* Begin PBXProject section */
		EAB800211B313E9600B65DE4 /* Project object */ = {
			isa = PBXProject;
			attributes = {
				LastUpgradeCheck = 0630;
				ORGANIZATIONNAME = "Animesh Manglik";
				TargetAttributes = {
					EAB800281B313E9600B65DE4 = {
						CreatedOnToolsVersion = 6.3.1;
					};
					EAB8003D1B313E9600B65DE4 = {
						CreatedOnToolsVersion = 6.3.1;
						TestTargetID = EAB800281B313E9600B65DE4;
					};
				};
			};
			buildConfigurationList = EAB800241B313E9600B65DE4 /* Build configuration list for PBXProject "front-desk-app" */;
			compatibilityVersion = "Xcode 3.2";
			developmentRegion = English;
			hasScannedForEncodings = 0;
			knownRegions = (
				en,
				Base,
			);
			mainGroup = EAB800201B313E9600B65DE4;
			productRefGroup = EAB8002A1B313E9600B65DE4 /* Products */;
			projectDirPath = "";
			projectRoot = "";
			targets = (
				EAB800281B313E9600B65DE4 /* front-desk-app */,
				EAB8003D1B313E9600B65DE4 /* front-desk-appTests */,
			);
		};
/* End PBXProject section */

/* Begin PBXResourcesBuildPhase section */
		EAB800271B313E9600B65DE4 /* Resources */ = {
			isa = PBXResourcesBuildPhase;
			buildActionMask = 2147483647;
			files = (
				EAB800341B313E9600B65DE4 /* Main.storyboard in Resources */,
				EAB800391B313E9600B65DE4 /* LaunchScreen.xib in Resources */,
				EAB800361B313E9600B65DE4 /* Images.xcassets in Resources */,
			);
			runOnlyForDeploymentPostprocessing = 0;
		};
		EAB8003C1B313E9600B65DE4 /* Resources */ = {
			isa = PBXResourcesBuildPhase;
			buildActionMask = 2147483647;
			files = (
			);
			runOnlyForDeploymentPostprocessing = 0;
		};
/* End PBXResourcesBuildPhase section */

/* Begin PBXSourcesBuildPhase section */
		EAB800251B313E9600B65DE4 /* Sources */ = {
			isa = PBXSourcesBuildPhase;
			buildActionMask = 2147483647;
			files = (
				EAB800311B313E9600B65DE4 /* ViewController.swift in Sources */,
				EAB8002F1B313E9600B65DE4 /* AppDelegate.swift in Sources */,
			);
			runOnlyForDeploymentPostprocessing = 0;
		};
		EAB8003A1B313E9600B65DE4 /* Sources */ = {
			isa = PBXSourcesBuildPhase;
			buildActionMask = 2147483647;
			files = (
				EAB800451B313E9600B65DE4 /* front_desk_appTests.swift in Sources */,
			);
			runOnlyForDeploymentPostprocessing = 0;
		};
/* End PBXSourcesBuildPhase section */

/* Begin PBXTargetDependency section */
		EAB800401B313E9600B65DE4 /* PBXTargetDependency */ = {
			isa = PBXTargetDependency;
			target = EAB800281B313E9600B65DE4 /* front-desk-app */;
			targetProxy = EAB8003F1B313E9600B65DE4 /* PBXContainerItemProxy */;
		};
/* End PBXTargetDependency section */

/* Begin PBXVariantGroup section */
		EAB800321B313E9600B65DE4 /* Main.storyboard */ = {
			isa = PBXVariantGroup;
			children = (
				EAB800331B313E9600B65DE4 /* Base */,
			);
			name = Main.storyboard;
			sourceTree = "<group>";
		};
		EAB800371B313E9600B65DE4 /* LaunchScreen.xib */ = {
			isa = PBXVariantGroup;
			children = (
				EAB800381B313E9600B65DE4 /* Base */,
			);
			name = LaunchScreen.xib;
			sourceTree = "<group>";
		};
/* End PBXVariantGroup section */

/* Begin XCBuildConfiguration section */
		EAB800461B313E9600B65DE4 /* Debug */ = {
			isa = XCBuildConfiguration;
			buildSettings = {
				ALWAYS_SEARCH_USER_PATHS = NO;
				CLANG_CXX_LANGUAGE_STANDARD = "gnu++0x";
				CLANG_CXX_LIBRARY = "libc++";
				CLANG_ENABLE_MODULES = YES;
				CLANG_ENABLE_OBJC_ARC = YES;
				CLANG_WARN_BOOL_CONVERSION = YES;
				CLANG_WARN_CONSTANT_CONVERSION = YES;
				CLANG_WARN_DIRECT_OBJC_ISA_USAGE = YES_ERROR;
				CLANG_WARN_EMPTY_BODY = YES;
				CLANG_WARN_ENUM_CONVERSION = YES;
				CLANG_WARN_INT_CONVERSION = YES;
				CLANG_WARN_OBJC_ROOT_CLASS = YES_ERROR;
				CLANG_WARN_UNREACHABLE_CODE = YES;
				CLANG_WARN__DUPLICATE_METHOD_MATCH = YES;
				"CODE_SIGN_IDENTITY[sdk=iphoneos*]" = "iPhone Developer";
				COPY_PHASE_STRIP = NO;
				DEBUG_INFORMATION_FORMAT = "dwarf-with-dsym";
				ENABLE_STRICT_OBJC_MSGSEND = YES;
				GCC_C_LANGUAGE_STANDARD = gnu99;
				GCC_DYNAMIC_NO_PIC = NO;
				GCC_NO_COMMON_BLOCKS = YES;
				GCC_OPTIMIZATION_LEVEL = 0;
				GCC_PREPROCESSOR_DEFINITIONS = (
					"DEBUG=1",
					"$(inherited)",
				);
				GCC_SYMBOLS_PRIVATE_EXTERN = NO;
				GCC_WARN_64_TO_32_BIT_CONVERSION = YES;
				GCC_WARN_ABOUT_RETURN_TYPE = YES_ERROR;
				GCC_WARN_UNDECLARED_SELECTOR = YES;
				GCC_WARN_UNINITIALIZED_AUTOS = YES_AGGRESSIVE;
				GCC_WARN_UNUSED_FUNCTION = YES;
				GCC_WARN_UNUSED_VARIABLE = YES;
				IPHONEOS_DEPLOYMENT_TARGET = 8.3;
				MTL_ENABLE_DEBUG_INFO = YES;
				ONLY_ACTIVE_ARCH = YES;
				SDKROOT = iphoneos;
				SWIFT_OPTIMIZATION_LEVEL = "-Onone";
				TARGETED_DEVICE_FAMILY = 2;
			};
			name = Debug;
		};
		EAB800471B313E9600B65DE4 /* Release */ = {
			isa = XCBuildConfiguration;
			buildSettings = {
				ALWAYS_SEARCH_USER_PATHS = NO;
				CLANG_CXX_LANGUAGE_STANDARD = "gnu++0x";
				CLANG_CXX_LIBRARY = "libc++";
				CLANG_ENABLE_MODULES = YES;
				CLANG_ENABLE_OBJC_ARC = YES;
				CLANG_WARN_BOOL_CONVERSION = YES;
				CLANG_WARN_CONSTANT_CONVERSION = YES;
				CLANG_WARN_DIRECT_OBJC_ISA_USAGE = YES_ERROR;
				CLANG_WARN_EMPTY_BODY = YES;
				CLANG_WARN_ENUM_CONVERSION = YES;
				CLANG_WARN_INT_CONVERSION = YES;
				CLANG_WARN_OBJC_ROOT_CLASS = YES_ERROR;
				CLANG_WARN_UNREACHABLE_CODE = YES;
				CLANG_WARN__DUPLICATE_METHOD_MATCH = YES;
				"CODE_SIGN_IDENTITY[sdk=iphoneos*]" = "iPhone Developer";
				COPY_PHASE_STRIP = NO;
				DEBUG_INFORMATION_FORMAT = "dwarf-with-dsym";
				ENABLE_NS_ASSERTIONS = NO;
				ENABLE_STRICT_OBJC_MSGSEND = YES;
				GCC_C_LANGUAGE_STANDARD = gnu99;
				GCC_NO_COMMON_BLOCKS = YES;
				GCC_WARN_64_TO_32_BIT_CONVERSION = YES;
				GCC_WARN_ABOUT_RETURN_TYPE = YES_ERROR;
				GCC_WARN_UNDECLARED_SELECTOR = YES;
				GCC_WARN_UNINITIALIZED_AUTOS = YES_AGGRESSIVE;
				GCC_WARN_UNUSED_FUNCTION = YES;
				GCC_WARN_UNUSED_VARIABLE = YES;
				IPHONEOS_DEPLOYMENT_TARGET = 8.3;
				MTL_ENABLE_DEBUG_INFO = NO;
				SDKROOT = iphoneos;
				TARGETED_DEVICE_FAMILY = 2;
				VALIDATE_PRODUCT = YES;
			};
			name = Release;
		};
		EAB800491B313E9600B65DE4 /* Debug */ = {
			isa = XCBuildConfiguration;
			buildSettings = {
				ASSETCATALOG_COMPILER_APPICON_NAME = AppIcon;
				INFOPLIST_FILE = "front-desk-app/Info.plist";
				LD_RUNPATH_SEARCH_PATHS = "$(inherited) @executable_path/Frameworks";
				PRODUCT_NAME = "$(TARGET_NAME)";
			};
			name = Debug;
		};
		EAB8004A1B313E9600B65DE4 /* Release */ = {
			isa = XCBuildConfiguration;
			buildSettings = {
				ASSETCATALOG_COMPILER_APPICON_NAME = AppIcon;
				INFOPLIST_FILE = "front-desk-app/Info.plist";
				LD_RUNPATH_SEARCH_PATHS = "$(inherited) @executable_path/Frameworks";
				PRODUCT_NAME = "$(TARGET_NAME)";
			};
			name = Release;
		};
		EAB8004C1B313E9600B65DE4 /* Debug */ = {
			isa = XCBuildConfiguration;
			buildSettings = {
				BUNDLE_LOADER = "$(TEST_HOST)";
				FRAMEWORK_SEARCH_PATHS = (
					"$(SDKROOT)/Developer/Library/Frameworks",
					"$(inherited)",
				);
				GCC_PREPROCESSOR_DEFINITIONS = (
					"DEBUG=1",
					"$(inherited)",
				);
				INFOPLIST_FILE = "front-desk-appTests/Info.plist";
				LD_RUNPATH_SEARCH_PATHS = "$(inherited) @executable_path/Frameworks @loader_path/Frameworks";
				PRODUCT_NAME = "$(TARGET_NAME)";
				TEST_HOST = "$(BUILT_PRODUCTS_DIR)/front-desk-app.app/front-desk-app";
			};
			name = Debug;
		};
		EAB8004D1B313E9600B65DE4 /* Release */ = {
			isa = XCBuildConfiguration;
			buildSettings = {
				BUNDLE_LOADER = "$(TEST_HOST)";
				FRAMEWORK_SEARCH_PATHS = (
					"$(SDKROOT)/Developer/Library/Frameworks",
					"$(inherited)",
				);
				INFOPLIST_FILE = "front-desk-appTests/Info.plist";
				LD_RUNPATH_SEARCH_PATHS = "$(inherited) @executable_path/Frameworks @loader_path/Frameworks";
				PRODUCT_NAME = "$(TARGET_NAME)";
				TEST_HOST = "$(BUILT_PRODUCTS_DIR)/front-desk-app.app/front-desk-app";
			};
			name = Release;
		};
/* End XCBuildConfiguration section */

/* Begin XCConfigurationList section */
		EAB800241B313E9600B65DE4 /* Build configuration list for PBXProject "front-desk-app" */ = {
			isa = XCConfigurationList;
			buildConfigurations = (
				EAB800461B313E9600B65DE4 /* Debug */,
				EAB800471B313E9600B65DE4 /* Release */,
			);
			defaultConfigurationIsVisible = 0;
			defaultConfigurationName = Release;
		};
		EAB800481B313E9600B65DE4 /* Build configuration list for PBXNativeTarget "front-desk-app" */ = {
			isa = XCConfigurationList;
			buildConfigurations = (
				EAB800491B313E9600B65DE4 /* Debug */,
				EAB8004A1B313E9600B65DE4 /* Release */,
			);
			defaultConfigurationIsVisible = 0;
		};
		EAB8004B1B313E9600B65DE4 /* Build configuration list for PBXNativeTarget "front-desk-appTests" */ = {
			isa = XCConfigurationList;
			buildConfigurations = (
				EAB8004C1B313E9600B65DE4 /* Debug */,
				EAB8004D1B313E9600B65DE4 /* Release */,
			);
			defaultConfigurationIsVisible = 0;
		};
/* End XCConfigurationList section */
	};
	rootObject = EAB800211B313E9600B65DE4 /* Project object */;
}
